
Microsoft Visual Studio Solution File, Format Version 12.00
# Visual Studio Version 17
VisualStudioVersion = 17.3.32929.385
MinimumVisualStudioVersion = 10.0.40219.1
Project("{9A19103F-16F7-4668-BE54-9A1E7A4F7556}") = "HackerNews.Models", "HackerNews.Models\HackerNews.Models.csproj", "{AA2D210D-26A5-4614-AE2B-4A161FA97084}"
EndProject
Project("{9A19103F-16F7-4668-BE54-9A1E7A4F7556}") = "HackerNews.Services", "HackerNews.Services\HackerNews.Services.csproj", "{AE877D23-7F7D-4A0A-8D91-CC4AFA42813D}"
EndProject
Project("{9A19103F-16F7-4668-BE54-9A1E7A4F7556}") = "HasckerNews.Api.ViewModels", "HasckerNews.Api.ViewModels\HasckerNews.Api.ViewModels.csproj", "{AF5CD8BB-61B2-46F2-9E5C-7A42B2142362}"
EndProject
Project("{9A19103F-16F7-4668-BE54-9A1E7A4F7556}") = "HackerNews.Api.Services.Tests", "HackerNews.Api.Tests\HackerNews.Api.Services.Tests.csproj", "{7D075C8D-7CDA-477A-B35B-D722C5D2D33E}"
EndProject
Project("{2150E333-8FDC-42A3-9474-1A3956D46DE8}") = "Tests", "Tests", "{8A5D058D-3F24-4BC9-9A8F-955B967299C6}"
EndProject
Project("{9A19103F-16F7-4668-BE54-9A1E7A4F7556}") = "HackerNews.Api", "HackerNews.Api\HackerNews.Api.csproj", "{C727FBEA-430A-4986-9263-39102571F2CE}"
EndProject
Global
	GlobalSection(SolutionConfigurationPlatforms) = preSolution
		Debug|Any CPU = Debug|Any CPU
		Release|Any CPU = Release|Any CPU
	EndGlobalSection
	GlobalSection(ProjectConfigurationPlatforms) = postSolution
		{AA2D210D-26A5-4614-AE2B-4A161FA97084}.Debug|Any CPU.ActiveCfg = Debug|Any CPU
		{AA2D210D-26A5-4614-AE2B-4A161FA97084}.Debug|Any CPU.Build.0 = Debug|Any CPU
		{AA2D210D-26A5-4614-AE2B-4A161FA97084}.Release|Any CPU.ActiveCfg = Release|Any CPU
		{AA2D210D-26A5-4614-AE2B-4A161FA97084}.Release|Any CPU.Build.0 = Release|Any CPU
		{AE877D23-7F7D-4A0A-8D91-CC4AFA42813D}.Debug|Any CPU.ActiveCfg = Debug|Any CPU
		{AE877D23-7F7D-4A0A-8D91-CC4AFA42813D}.Debug|Any CPU.Build.0 = Debug|Any CPU
		{AE877D23-7F7D-4A0A-8D91-CC4AFA42813D}.Release|Any CPU.ActiveCfg = Release|Any CPU
		{AE877D23-7F7D-4A0A-8D91-CC4AFA42813D}.Release|Any CPU.Build.0 = Release|Any CPU
		{AF5CD8BB-61B2-46F2-9E5C-7A42B2142362}.Debug|Any CPU.ActiveCfg = Debug|Any CPU
		{AF5CD8BB-61B2-46F2-9E5C-7A42B2142362}.Debug|Any CPU.Build.0 = Debug|Any CPU
		{AF5CD8BB-61B2-46F2-9E5C-7A42B2142362}.Release|Any CPU.ActiveCfg = Release|Any CPU
		{AF5CD8BB-61B2-46F2-9E5C-7A42B2142362}.Release|Any CPU.Build.0 = Release|Any CPU
		{7D075C8D-7CDA-477A-B35B-D722C5D2D33E}.Debug|Any CPU.ActiveCfg = Debug|Any CPU
		{7D075C8D-7CDA-477A-B35B-D722C5D2D33E}.Debug|Any CPU.Build.0 = Debug|Any CPU
		{7D075C8D-7CDA-477A-B35B-D722C5D2D33E}.Release|Any CPU.ActiveCfg = Release|Any CPU
		{7D075C8D-7CDA-477A-B35B-D722C5D2D33E}.Release|Any CPU.Build.0 = Release|Any CPU
		{C727FBEA-430A-4986-9263-39102571F2CE}.Debug|Any CPU.ActiveCfg = Debug|Any CPU
		{C727FBEA-430A-4986-9263-39102571F2CE}.Debug|Any CPU.Build.0 = Debug|Any CPU
		{C727FBEA-430A-4986-9263-39102571F2CE}.Release|Any CPU.ActiveCfg = Release|Any CPU
		{C727FBEA-430A-4986-9263-39102571F2CE}.Release|Any CPU.Build.0 = Release|Any CPU
	EndGlobalSection
	GlobalSection(SolutionProperties) = preSolution
		HideSolutionNode = FALSE
	EndGlobalSection
	GlobalSection(NestedProjects) = preSolution
		{7D075C8D-7CDA-477A-B35B-D722C5D2D33E} = {8A5D058D-3F24-4BC9-9A8F-955B967299C6}
	EndGlobalSection
	GlobalSection(ExtensibilityGlobals) = postSolution
		SolutionGuid = {A755C2AD-891A-4062-BF40-11A0A3E9671A}
	EndGlobalSection
EndGlobal
